// !$*UTF8*$!
{
  archiveVersion = 1;
  classes = {};
  objectVersion = 56;
  objects = {

/* Begin PBXBuildFile section */
		C3FE4E98C9AB4A82A046EA5A /* file */ = {isa = PBXBuildFile; fileRef = EBF4124DB71D4593BD97485B; };
		63365F3BCC044AE3B403B28E /* file */ = {isa = PBXBuildFile; fileRef = 0B38813964CC4824842BA529; };
		B7BC4C09722E49EBA3609ABE /* file */ = {isa = PBXBuildFile; fileRef = F46874CFD44C4D8AA289EBCC; };
		F57B5B81A15B45C28225A65C /* file */ = {isa = PBXBuildFile; fileRef = 7E58E7A728124F1A9FA88E35; };
		7AC6A3751C364D148BF4C632 /* file */ = {isa = PBXBuildFile; fileRef = FA89CCFAB2864B18A4B4413C; };
		6EA4E31EEE404D10BEFCA116 /* file */ = {isa = PBXBuildFile; fileRef = C2BA812AD7A64ACBBBBA5EC9; };
		7E895B7B8A0A47FAA8B8BEE5 /* file */ = {isa = PBXBuildFile; fileRef = EEED2F95C10C4D69B7E52DA4; };
		DE20DA15768D4356AC9EC199 /* file */ = {isa = PBXBuildFile; fileRef = 2ECB325AE166483F9891938C; };
		D35643CEFC0F42CBBF4179A6 /* Models in Frameworks */ = {isa = PBXBuildFile; productRef = 358CBB3881BE4B8CB17082A4 /* Models */; };
		AC377779E22840F2AC318C31 /* Network in Frameworks */ = {isa = PBXBuildFile; productRef = FCF22F2571574B68A905101A /* Network */; };
		626E302DD02C4230934F9A18 /* Persistence in Frameworks */ = {isa = PBXBuildFile; productRef = 240E35E8198D4E0D81C334C1 /* Persistence */; };
		A118FB8AE070490C9FF7C5B6 /* Env in Frameworks */ = {isa = PBXBuildFile; productRef = CDDC4D22EEAB4A529FC4CDA4 /* Env */; };
		F484F65988C345F0BCE3E5FB /* DesignSystem in Frameworks */ = {isa = PBXBuildFile; productRef = 497F9736764D49B9B40E42FC /* DesignSystem */; };
		598183E481204E8DB29BB7A7 /* Auth in Frameworks */ = {isa = PBXBuildFile; productRef = 94438CA6A8BD4506A8DACAC7 /* Auth */; };
		DBD17E15D49C44479CF66762 /* ChecklistFeature in Frameworks */ = {isa = PBXBuildFile; productRef = 332FEA9B77E7471C87DC3A86 /* ChecklistFeature */; };
		AF70CF02FEC5467ABAC99ED0 /* WorkClockFeature in Frameworks */ = {isa = PBXBuildFile; productRef = 76477B34D65941BDA879BB8E /* WorkClockFeature */; };
		D7A20CF87A084680AA8E2A73 /* InventoryFeature in Frameworks */ = {isa = PBXBuildFile; productRef = 870087EFD3B94F65B04E8C12 /* InventoryFeature */; };
		9C0742C39F7E4713BD9C572A /* DashboardFeature in Frameworks */ = {isa = PBXBuildFile; productRef = 2BC0EC80B35046F99D0FFDEC /* DashboardFeature */; };
		50D17ACB290F4980A364CAB6 /* AdminFeatures in Frameworks */ = {isa = PBXBuildFile; productRef = E4EFFD02D5BF45DDBC718CBF /* AdminFeatures */; };
/* End PBXBuildFile section */

/* Begin PBXFileReference section */
		EBF4124DB71D4593BD97485B /* ChecklistBotecoApp.swift */ = {isa = PBXFileReference; lastKnownFileType = sourcecode.swift; path = ChecklistBotecoApp.swift; sourceTree = "<group>"; };
		0B38813964CC4824842BA529 /* MainTabView.swift */ = {isa = PBXFileReference; lastKnownFileType = sourcecode.swift; path = MainTabView.swift; sourceTree = "<group>"; };
		F46874CFD44C4D8AA289EBCC /* MainTabViewPreview.swift */ = {isa = PBXFileReference; lastKnownFileType = sourcecode.swift; path = MainTabViewPreview.swift; sourceTree = "<group>"; };
		7E58E7A728124F1A9FA88E35 /* AppDependencies.swift */ = {isa = PBXFileReference; lastKnownFileType = sourcecode.swift; path = AppDependencies.swift; sourceTree = "<group>"; };
		FA89CCFAB2864B18A4B4413C /* AppDependencyGraph.swift */ = {isa = PBXFileReference; lastKnownFileType = sourcecode.swift; path = AppDependencyGraph.swift; sourceTree = "<group>"; };
		C2BA812AD7A64ACBBBBA5EC9 /* AppTabContent.swift */ = {isa = PBXFileReference; lastKnownFileType = sourcecode.swift; path = AppTabContent.swift; sourceTree = "<group>"; };
		EEED2F95C10C4D69B7E52DA4 /* AppTabRoute.swift */ = {isa = PBXFileReference; lastKnownFileType = sourcecode.swift; path = AppTabRoute.swift; sourceTree = "<group>"; };
		2ECB325AE166483F9891938C /* TabRouter.swift */ = {isa = PBXFileReference; lastKnownFileType = sourcecode.swift; path = TabRouter.swift; sourceTree = "<group>"; };
		8B82EC05186A4D3E936EA711 /* ChecklistBoteco.app */ = {isa = PBXFileReference; explicitFileType = wrapper.application; includeInIndex = 0; path = ChecklistBoteco.app; sourceTree = BUILT_PRODUCTS_DIR; };
		3A3DF086980F4A99AB90ED25 /* Info.plist */ = {isa = PBXFileReference; lastKnownFileType = text.plist.xml; path = Info.plist; sourceTree = "<group>"; };
		2ED0F10E3F44401882B272B6 /* Debug.xcconfig */ = {isa = PBXFileReference; lastKnownFileType = text.xcconfig; path = Debug.xcconfig; sourceTree = "<group>"; };
		46242EB004004199A57C0925 /* Release.xcconfig */ = {isa = PBXFileReference; lastKnownFileType = text.xcconfig; path = Release.xcconfig; sourceTree = "<group>"; };
/* End PBXFileReference section */

/* Begin PBXFrameworksBuildPhase section */
		57CAC7E6E69D48679C3C0377 /* Frameworks */ = {isa = PBXFrameworksBuildPhase; buildActionMask = 2147483647; files = (D35643CEFC0F42CBBF4179A6, AC377779E22840F2AC318C31, 626E302DD02C4230934F9A18, A118FB8AE070490C9FF7C5B6, F484F65988C345F0BCE3E5FB, 598183E481204E8DB29BB7A7, DBD17E15D49C44479CF66762, AF70CF02FEC5467ABAC99ED0, D7A20CF87A084680AA8E2A73, 9C0742C39F7E4713BD9C572A, 50D17ACB290F4980A364CAB6); runOnlyForDeploymentPostprocessing = 0; };
/* End PBXFrameworksBuildPhase section */

/* Begin PBXGroup section */
		6BEFC97C58794770B8DA89DE = {isa = PBXGroup; children = (38F98CFBBA7B4CA5A3C3BF53, 9838E86DE84D4D64982B40AB, 6E53B3E9158C446DB292D3E9); sourceTree = "<group>"; };
		6E53B3E9158C446DB292D3E9 /* Products */ = {isa = PBXGroup; children = (8B82EC05186A4D3E936EA711); name = Products; sourceTree = "<group>"; };
		9838E86DE84D4D64982B40AB /* Config */ = {isa = PBXGroup; children = (2ED0F10E3F44401882B272B6, 46242EB004004199A57C0925); path = Config; sourceTree = "<group>"; };
		38F98CFBBA7B4CA5A3C3BF53 /* ChecklistBoteco */ = {isa = PBXGroup; children = (EBF4124DB71D4593BD97485B, 0B38813964CC4824842BA529, F46874CFD44C4D8AA289EBCC, 7E58E7A728124F1A9FA88E35, FA89CCFAB2864B18A4B4413C, C2BA812AD7A64ACBBBBA5EC9, EEED2F95C10C4D69B7E52DA4, 2ECB325AE166483F9891938C, 3A3DF086980F4A99AB90ED25); path = ChecklistBoteco; sourceTree = "<group>"; };
/* End PBXGroup section */

/* Begin PBXNativeTarget section */
		4FFB43DDB55C4D40AE807D88 /* ChecklistBoteco */ = {isa = PBXNativeTarget; buildConfigurationList = A02D565FA3DC4742AF73E5B5; buildPhases = (85BCF51BB9054C4E8F920EBD, 57CAC7E6E69D48679C3C0377, F92009E26B454B8A8487248F); buildRules = (); dependencies = (); name = ChecklistBoteco; packageProductDependencies = (358CBB3881BE4B8CB17082A4, FCF22F2571574B68A905101A, 240E35E8198D4E0D81C334C1, CDDC4D22EEAB4A529FC4CDA4, 497F9736764D49B9B40E42FC, 94438CA6A8BD4506A8DACAC7, 332FEA9B77E7471C87DC3A86, 76477B34D65941BDA879BB8E, 870087EFD3B94F65B04E8C12, 2BC0EC80B35046F99D0FFDEC, E4EFFD02D5BF45DDBC718CBF); productName = ChecklistBoteco; productReference = 8B82EC05186A4D3E936EA711; productType = "com.apple.product-type.application"; };
/* End PBXNativeTarget section */

/* Begin PBXProject section */
		2562CC0932A741D1B3CF34F8 /* Project object */ = {isa = PBXProject; attributes = {LastSwiftUpdateCheck = 1420; LastUpgradeCheck = 1420;}; buildConfigurationList = A668FA3431EE493FBDAB8B93; compatibilityVersion = "Xcode 14.0"; developmentRegion = pt-BR; hasScannedForEncodings = 0; knownRegions = (pt-BR, en); mainGroup = 6BEFC97C58794770B8DA89DE; packageReferences = (B167AC2B10F34E958B985157); productRefGroup = 6E53B3E9158C446DB292D3E9; projectDirPath = ""; projectRoot = ""; targets = (4FFB43DDB55C4D40AE807D88); };
/* End PBXProject section */

/* Begin PBXResourcesBuildPhase section */
		F92009E26B454B8A8487248F /* Resources */ = {isa = PBXResourcesBuildPhase; buildActionMask = 2147483647; files = (); runOnlyForDeploymentPostprocessing = 0; };
/* End PBXResourcesBuildPhase section */

/* Begin PBXSourcesBuildPhase section */
		85BCF51BB9054C4E8F920EBD /* Sources */ = {isa = PBXSourcesBuildPhase; buildActionMask = 2147483647; files = (C3FE4E98C9AB4A82A046EA5A, 63365F3BCC044AE3B403B28E, B7BC4C09722E49EBA3609ABE, F57B5B81A15B45C28225A65C, 7AC6A3751C364D148BF4C632, 6EA4E31EEE404D10BEFCA116, 7E895B7B8A0A47FAA8B8BEE5, DE20DA15768D4356AC9EC199); runOnlyForDeploymentPostprocessing = 0; };
/* End PBXSourcesBuildPhase section */

/* Begin XCBuildConfiguration section */
		885E483C59974671B239BD37 /* Debug */ = {isa = XCBuildConfiguration; baseConfigurationReference = 2ED0F10E3F44401882B272B6; buildSettings = {ALWAYS_SEARCH_USER_PATHS = NO; CODE_SIGN_STYLE = Automatic; CURRENT_PROJECT_VERSION = 1; GENERATE_INFOPLIST_FILE = NO; INFOPLIST_FILE = ChecklistBoteco/Info.plist; IPHONEOS_DEPLOYMENT_TARGET = 16.0; LD_RUNPATH_SEARCH_PATHS = ("$(inherited)", "@executable_path/Frameworks"); MARKETING_VERSION = 1.0; ONLY_ACTIVE_ARCH = YES; PRODUCT_BUNDLE_IDENTIFIER = com.checklistboteco.ios; PRODUCT_NAME = ChecklistBoteco; SDKROOT = iphoneos; SUPPORTED_PLATFORMS = "iphoneos iphonesimulator"; SWIFT_VERSION = 5.0; TARGETED_DEVICE_FAMILY = "1,2"; }; name = Debug; };
		B71D220F076340AAA5B293BF /* Release */ = {isa = XCBuildConfiguration; baseConfigurationReference = 46242EB004004199A57C0925; buildSettings = {ALWAYS_SEARCH_USER_PATHS = NO; CODE_SIGN_STYLE = Automatic; CURRENT_PROJECT_VERSION = 1; GENERATE_INFOPLIST_FILE = NO; INFOPLIST_FILE = ChecklistBoteco/Info.plist; IPHONEOS_DEPLOYMENT_TARGET = 16.0; LD_RUNPATH_SEARCH_PATHS = ("$(inherited)", "@executable_path/Frameworks"); MARKETING_VERSION = 1.0; ONLY_ACTIVE_ARCH = YES; PRODUCT_BUNDLE_IDENTIFIER = com.checklistboteco.ios; PRODUCT_NAME = ChecklistBoteco; SDKROOT = iphoneos; SUPPORTED_PLATFORMS = "iphoneos iphonesimulator"; SWIFT_VERSION = 5.0; TARGETED_DEVICE_FAMILY = "1,2"; }; name = Release; };
		A02D565FA3DC4742AF73E5B5 = {isa = XCConfigurationList; buildConfigurations = (885E483C59974671B239BD37, B71D220F076340AAA5B293BF); defaultConfigurationIsVisible = 0; defaultConfigurationName = Release; };
		A668FA3431EE493FBDAB8B93 = {isa = XCConfigurationList; buildConfigurations = (885E483C59974671B239BD37, B71D220F076340AAA5B293BF); defaultConfigurationIsVisible = 0; defaultConfigurationName = Release; };
/* End XCBuildConfiguration section */

/* Begin XCRemoteSwiftPackageReference section */
		B167AC2B10F34E958B985157 /* XCRemoteSwiftPackageReference Packages */ = {isa = XCRemoteSwiftPackageReference; repositoryURL = "../Packages"; requirement = {kind = branch; branch = main;}; };
/* End XCRemoteSwiftPackageReference section */

/* Begin XCSwiftPackageProductDependency section */
		358CBB3881BE4B8CB17082A4 /* Models */ = {isa = XCSwiftPackageProductDependency; productName = Models; package = B167AC2B10F34E958B985157 /* XCRemoteSwiftPackageReference Packages */; };
		FCF22F2571574B68A905101A /* Network */ = {isa = XCSwiftPackageProductDependency; productName = Network; package = B167AC2B10F34E958B985157 /* XCRemoteSwiftPackageReference Packages */; };
		240E35E8198D4E0D81C334C1 /* Persistence */ = {isa = XCSwiftPackageProductDependency; productName = Persistence; package = B167AC2B10F34E958B985157 /* XCRemoteSwiftPackageReference Packages */; };
		CDDC4D22EEAB4A529FC4CDA4 /* Env */ = {isa = XCSwiftPackageProductDependency; productName = Env; package = B167AC2B10F34E958B985157 /* XCRemoteSwiftPackageReference Packages */; };
		497F9736764D49B9B40E42FC /* DesignSystem */ = {isa = XCSwiftPackageProductDependency; productName = DesignSystem; package = B167AC2B10F34E958B985157 /* XCRemoteSwiftPackageReference Packages */; };
		94438CA6A8BD4506A8DACAC7 /* Auth */ = {isa = XCSwiftPackageProductDependency; productName = Auth; package = B167AC2B10F34E958B985157 /* XCRemoteSwiftPackageReference Packages */; };
		332FEA9B77E7471C87DC3A86 /* ChecklistFeature */ = {isa = XCSwiftPackageProductDependency; productName = ChecklistFeature; package = B167AC2B10F34E958B985157 /* XCRemoteSwiftPackageReference Packages */; };
		76477B34D65941BDA879BB8E /* WorkClockFeature */ = {isa = XCSwiftPackageProductDependency; productName = WorkClockFeature; package = B167AC2B10F34E958B985157 /* XCRemoteSwiftPackageReference Packages */; };
		870087EFD3B94F65B04E8C12 /* InventoryFeature */ = {isa = XCSwiftPackageProductDependency; productName = InventoryFeature; package = B167AC2B10F34E958B985157 /* XCRemoteSwiftPackageReference Packages */; };
		2BC0EC80B35046F99D0FFDEC /* DashboardFeature */ = {isa = XCSwiftPackageProductDependency; productName = DashboardFeature; package = B167AC2B10F34E958B985157 /* XCRemoteSwiftPackageReference Packages */; };
		E4EFFD02D5BF45DDBC718CBF /* AdminFeatures */ = {isa = XCSwiftPackageProductDependency; productName = AdminFeatures; package = B167AC2B10F34E958B985157 /* XCRemoteSwiftPackageReference Packages */; };
/* End XCSwiftPackageProductDependency section */

  };
  rootObject = 2562CC0932A741D1B3CF34F8 /* Project object */;
}
