{
  "pins": [
    {
      "identity": "grdb.swift",
      "kind": "remoteSourceControl",
      "location": "https://github.com/groue/GRDB.swift.git",
      "state": {
        "revision": "2cf6c756e1e5ef6901ebae16576a7e4e4b834622",
        "version": "6.29.3"
      }
    },
    {
      "identity": "packages",
      "kind": "localSourceControl",
      "location": "/Users/douglastaquary/ChecklistBoteco/Packages",
      "state": {
        "branch": "main",
        "revision": "4126a2fe4ed7e8c9301bfd920f2b3bc4c5358e47"
      }
    }
  ],
  "version": 2
}
